
Microsoft Visual Studio Solution File, Format Version 12.00
# Visual Studio Version 17
VisualStudioVersion = 17.4.32804.182
MinimumVisualStudioVersion = 10.0.40219.1
Project("{FAE04EC0-301F-11D3-BF4B-00C04F79EFBC}") = "TestLib", "TestLib\TestLib.csproj", "{AED38AAC-A1DF-41C2-8F5D-53C24F9EC037}"
EndProject
Project("{FAE04EC0-301F-11D3-BF4B-00C04F79EFBC}") = "TestCodeGen", "TestCodeGen\TestCodeGen.csproj", "{4CFC4E28-00D4-47EF-A1A4-6904407D8513}"
EndProject
Global
	GlobalSection(SolutionConfigurationPlatforms) = preSolution
		Debug|Any CPU = Debug|Any CPU
		Release|Any CPU = Release|Any CPU
	EndGlobalSection
	GlobalSection(ProjectConfigurationPlatforms) = postSolution
		{AED38AAC-A1DF-41C2-8F5D-53C24F9EC037}.Debug|Any CPU.ActiveCfg = Debug|Any CPU
		{AED38AAC-A1DF-41C2-8F5D-53C24F9EC037}.Debug|Any CPU.Build.0 = Debug|Any CPU
		{AED38AAC-A1DF-41C2-8F5D-53C24F9EC037}.Release|Any CPU.ActiveCfg = Release|Any CPU
		{AED38AAC-A1DF-41C2-8F5D-53C24F9EC037}.Release|Any CPU.Build.0 = Release|Any CPU
		{4CFC4E28-00D4-47EF-A1A4-6904407D8513}.Debug|Any CPU.ActiveCfg = Debug|Any CPU
		{4CFC4E28-00D4-47EF-A1A4-6904407D8513}.Debug|Any CPU.Build.0 = Debug|Any CPU
		{4CFC4E28-00D4-47EF-A1A4-6904407D8513}.Release|Any CPU.ActiveCfg = Release|Any CPU
		{4CFC4E28-00D4-47EF-A1A4-6904407D8513}.Release|Any CPU.Build.0 = Release|Any CPU
	EndGlobalSection
	GlobalSection(SolutionProperties) = preSolution
		HideSolutionNode = FALSE
	EndGlobalSection
	GlobalSection(ExtensibilityGlobals) = postSolution
		SolutionGuid = {57336433-9341-40F3-AB75-B533F8DF2464}
	EndGlobalSection
EndGlobal
